{
  "pins" : [
    {
      "identity" : "divkit-ios",
      "kind" : "remoteSourceControl",
      "location" : "https://github.com/divkit/divkit-ios",
      "state" : {
        "revision" : "26c5d4ae596319e877ad583fb87a7df890fb5431",
        "version" : "32.17.0"
      }
    },
    {
      "identity" : "swift-cmark",
      "kind" : "remoteSourceControl",
      "location" : "https://github.com/swiftlang/swift-cmark.git",
      "state" : {
        "revision" : "b97d09472e847a416629f026eceae0e2afcfad65",
        "version" : "0.7.0"
      }
    },
    {
      "identity" : "swift-log",
      "kind" : "remoteSourceControl",
      "location" : "https://github.com/apple/swift-log",
      "state" : {
        "revision" : "ce592ae52f982c847a4efc0dd881cc9eb32d29f2",
        "version" : "1.6.4"
      }
    },
    {
      "identity" : "swift-markdown",
      "kind" : "remoteSourceControl",
      "location" : "https://github.com/apple/swift-markdown.git",
      "state" : {
        "revision" : "704a1218d0e3b5b85a884f1153a065eef7e8d4c2",
        "version" : "0.7.0"
      }
    },
    {
      "identity" : "swift-protobuf",
      "kind" : "remoteSourceControl",
      "location" : "https://github.com/apple/swift-protobuf",
      "state" : {
        "revision" : "2547102afd04fe49f1b286090f13ebce07284980",
        "version" : "1.31.1"
      }
    },
    {
      "identity" : "varioqub-sdk-ios",
      "kind" : "remoteSourceControl",
      "location" : "https://github.com/appmetrica/varioqub-sdk-ios",
      "state" : {
        "revision" : "ee6362cedecb9c490b6c82bbbcd8e61e6858a47e",
        "version" : "1.0.1"
      }
    },
    {
      "identity" : "vgsl",
      "kind" : "remoteSourceControl",
      "location" : "https://github.com/yandex/vgsl.git",
      "state" : {
        "revision" : "c0e3865a47da9502e01de64aca0eda44a5ca16e3",
        "version" : "7.9.1"
      }
    }
  ],
  "version" : 2
}
